
Microsoft Visual Studio Solution File, Format Version 12.00
# Visual Studio Version 17
VisualStudioVersion = 17.9.34714.143
MinimumVisualStudioVersion = 10.0.40219.1
Project("{FAE04EC0-301F-11D3-BF4B-00C04F79EFBC}") = "RetailStoreManagement", "RetailStoreManagement.csproj", "{39E8DD9F-8DDA-4D69-B575-1ABD35C8390F}"
EndProject
Project("{FAE04EC0-301F-11D3-BF4B-00C04F79EFBC}") = "RetailStoreManagement.Tests", "..\RetailStoreManagement.Tests\RetailStoreManagement.Tests.csproj", "{E7A31D35-6A2D-413A-867D-7BE08E4E2C81}"
EndProject
Global
	GlobalSection(SolutionConfigurationPlatforms) = preSolution
		Debug|Any CPU = Debug|Any CPU
		Release|Any CPU = Release|Any CPU
	EndGlobalSection
	GlobalSection(ProjectConfigurationPlatforms) = postSolution
		{39E8DD9F-8DDA-4D69-B575-1ABD35C8390F}.Debug|Any CPU.ActiveCfg = Debug|Any CPU
		{39E8DD9F-8DDA-4D69-B575-1ABD35C8390F}.Debug|Any CPU.Build.0 = Debug|Any CPU
		{39E8DD9F-8DDA-4D69-B575-1ABD35C8390F}.Release|Any CPU.ActiveCfg = Release|Any CPU
		{39E8DD9F-8DDA-4D69-B575-1ABD35C8390F}.Release|Any CPU.Build.0 = Release|Any CPU
		{E7A31D35-6A2D-413A-867D-7BE08E4E2C81}.Debug|Any CPU.ActiveCfg = Debug|Any CPU
		{E7A31D35-6A2D-413A-867D-7BE08E4E2C81}.Debug|Any CPU.Build.0 = Debug|Any CPU
		{E7A31D35-6A2D-413A-867D-7BE08E4E2C81}.Release|Any CPU.ActiveCfg = Release|Any CPU
		{E7A31D35-6A2D-413A-867D-7BE08E4E2C81}.Release|Any CPU.Build.0 = Release|Any CPU
	EndGlobalSection
	GlobalSection(SolutionProperties) = preSolution
		HideSolutionNode = FALSE
	EndGlobalSection
	GlobalSection(ExtensibilityGlobals) = postSolution
		SolutionGuid = {94B91A7A-2A4A-459E-BF5A-569D8BA3DDD0}
	EndGlobalSection
EndGlobal
